{
  "name": "Create Route",
  "lockfileVersion": 2,
  "requires": true,
  "packages": {
    "": {
      "dependencies": {
        "css.gg": "^2.0.0"
      }
    },
    "node_modules/css.gg": {
      "version": "2.0.0",
      "resolved": "https://registry.npmjs.org/css.gg/-/css.gg-2.0.0.tgz",
      "integrity": "sha512-8qO59kSXLbewo7xaUM4eC8328MTdGmb8atpmw6PRzeDGsZrCkAVjJzKeFDIntagl1/aCee+NG1OQtIvWAjgG/A=="
    }
  },
  "dependencies": {
    "css.gg": {
      "version": "2.0.0",
      "resolved": "https://registry.npmjs.org/css.gg/-/css.gg-2.0.0.tgz",
      "integrity": "sha512-8qO59kSXLbewo7xaUM4eC8328MTdGmb8atpmw6PRzeDGsZrCkAVjJzKeFDIntagl1/aCee+NG1OQtIvWAjgG/A=="
    }
  }
}
